
Microsoft Visual Studio Solution File, Format Version 12.00
# Visual Studio Version 16
VisualStudioVersion = 16.0.28729.10
MinimumVisualStudioVersion = 10.0.40219.1
Project("{9A19103F-16F7-4668-BE54-9A1E7A4F7556}") = "Basset", "src\Basset\Basset.csproj", "{278BF7C6-A39B-4EDF-B923-E8F01ECB71F7}"
EndProject
Project("{9A19103F-16F7-4668-BE54-9A1E7A4F7556}") = "Basset.Core", "src\Basset.Core\Basset.Core.csproj", "{A549921F-2C48-4B6B-ABC0-8DC63C0350B6}"
EndProject
Global
	GlobalSection(SolutionConfigurationPlatforms) = preSolution
		Debug|Any CPU = Debug|Any CPU
		Release|Any CPU = Release|Any CPU
	EndGlobalSection
	GlobalSection(ProjectConfigurationPlatforms) = postSolution
		{278BF7C6-A39B-4EDF-B923-E8F01ECB71F7}.Debug|Any CPU.ActiveCfg = Debug|Any CPU
		{278BF7C6-A39B-4EDF-B923-E8F01ECB71F7}.Debug|Any CPU.Build.0 = Debug|Any CPU
		{278BF7C6-A39B-4EDF-B923-E8F01ECB71F7}.Release|Any CPU.ActiveCfg = Release|Any CPU
		{278BF7C6-A39B-4EDF-B923-E8F01ECB71F7}.Release|Any CPU.Build.0 = Release|Any CPU
		{A549921F-2C48-4B6B-ABC0-8DC63C0350B6}.Debug|Any CPU.ActiveCfg = Debug|Any CPU
		{A549921F-2C48-4B6B-ABC0-8DC63C0350B6}.Debug|Any CPU.Build.0 = Debug|Any CPU
		{A549921F-2C48-4B6B-ABC0-8DC63C0350B6}.Release|Any CPU.ActiveCfg = Release|Any CPU
		{A549921F-2C48-4B6B-ABC0-8DC63C0350B6}.Release|Any CPU.Build.0 = Release|Any CPU
	EndGlobalSection
	GlobalSection(SolutionProperties) = preSolution
		HideSolutionNode = FALSE
	EndGlobalSection
	GlobalSection(ExtensibilityGlobals) = postSolution
		SolutionGuid = {03F5033C-06BD-4EA4-84A3-20078D950F0C}
	EndGlobalSection
EndGlobal
